
Microsoft Visual Studio Solution File, Format Version 12.00
# Visual Studio Version 16
VisualStudioVersion = 16.0.30330.147
MinimumVisualStudioVersion = 10.0.40219.1
Project("{FAE04EC0-301F-11D3-BF4B-00C04F79EFBC}") = "Sequences", "Sequences\Sequences.csproj", "{AEDA6ABF-4349-43E0-9D66-A1643DF1B82A}"
EndProject
Global
	GlobalSection(SolutionConfigurationPlatforms) = preSolution
		Debug|Any CPU = Debug|Any CPU
		Release|Any CPU = Release|Any CPU
	EndGlobalSection
	GlobalSection(ProjectConfigurationPlatforms) = postSolution
		{AEDA6ABF-4349-43E0-9D66-A1643DF1B82A}.Debug|Any CPU.ActiveCfg = Debug|Any CPU
		{AEDA6ABF-4349-43E0-9D66-A1643DF1B82A}.Debug|Any CPU.Build.0 = Debug|Any CPU
		{AEDA6ABF-4349-43E0-9D66-A1643DF1B82A}.Release|Any CPU.ActiveCfg = Release|Any CPU
		{AEDA6ABF-4349-43E0-9D66-A1643DF1B82A}.Release|Any CPU.Build.0 = Release|Any CPU
	EndGlobalSection
	GlobalSection(SolutionProperties) = preSolution
		HideSolutionNode = FALSE
	EndGlobalSection
	GlobalSection(ExtensibilityGlobals) = postSolution
		SolutionGuid = {42A76CA9-2877-4489-B5F8-F7E6812C56D4}
	EndGlobalSection
EndGlobal
